
Microsoft Visual Studio Solution File, Format Version 12.00
# Visual Studio Version 17
VisualStudioVersion = 17.0.32014.148
MinimumVisualStudioVersion = 10.0.40219.1
Project("{FAE04EC0-301F-11D3-BF4B-00C04F79EFBC}") = "BinarySearch", "BinarySearch\BinarySearch.csproj", "{557374E5-6C64-486E-8067-6A49AAAE5D9B}"
EndProject
Global
	GlobalSection(SolutionConfigurationPlatforms) = preSolution
		Debug|Any CPU = Debug|Any CPU
		Release|Any CPU = Release|Any CPU
	EndGlobalSection
	GlobalSection(ProjectConfigurationPlatforms) = postSolution
		{557374E5-6C64-486E-8067-6A49AAAE5D9B}.Debug|Any CPU.ActiveCfg = Debug|Any CPU
		{557374E5-6C64-486E-8067-6A49AAAE5D9B}.Debug|Any CPU.Build.0 = Debug|Any CPU
		{557374E5-6C64-486E-8067-6A49AAAE5D9B}.Release|Any CPU.ActiveCfg = Release|Any CPU
		{557374E5-6C64-486E-8067-6A49AAAE5D9B}.Release|Any CPU.Build.0 = Release|Any CPU
	EndGlobalSection
	GlobalSection(SolutionProperties) = preSolution
		HideSolutionNode = FALSE
	EndGlobalSection
	GlobalSection(ExtensibilityGlobals) = postSolution
		SolutionGuid = {736E7B78-17B2-42CE-B333-741877CD9563}
	EndGlobalSection
EndGlobal
